// !$*UTF8*$!
{
	archiveVersion = 1;
	classes = {
	};
	objectVersion = 46;
	objects = {

/* Begin PBXBuildFile section */
		8406CCB81EE4F8E300B810ED /* main.m in Sources */ = {isa = PBXBuildFile; fileRef = 8406CCB71EE4F8E300B810ED /* main.m */; };
		8406CCBB1EE4F8E400B810ED /* AppDelegate.m in Sources */ = {isa = PBXBuildFile; fileRef = 8406CCBA1EE4F8E400B810ED /* AppDelegate.m */; };
		8406CCBE1EE4F8E400B810ED /* ViewController.m in Sources */ = {isa = PBXBuildFile; fileRef = 8406CCBD1EE4F8E400B810ED /* ViewController.m */; };
		8406CCC11EE4F8E400B810ED /* Main.storyboard in Resources */ = {isa = PBXBuildFile; fileRef = 8406CCBF1EE4F8E400B810ED /* Main.storyboard */; };
		8406CCC31EE4F8E400B810ED /* Assets.xcassets in Resources */ = {isa = PBXBuildFile; fileRef = 8406CCC21EE4F8E400B810ED /* Assets.xcassets */; };
		8406CCC61EE4F8E400B810ED /* LaunchScreen.storyboard in Resources */ = {isa = PBXBuildFile; fileRef = 8406CCC41EE4F8E400B810ED /* LaunchScreen.storyboard */; };
/* End PBXBuildFile section */

/* Begin PBXFileReference section */
		8406CCB31EE4F8E300B810ED /* TestProject.app */ = {isa = PBXFileReference; explicitFileType = wrapper.application; includeInIndex = 0; path = TestProject.app; sourceTree = BUILT_PRODUCTS_DIR; };
		8406CCB71EE4F8E300B810ED /* main.m */ = {isa = PBXFileReference; lastKnownFileType = sourcecode.c.objc; path = main.m; sourceTree = "<group>"; };
		8406CCB91EE4F8E400B810ED /* AppDelegate.h */ = {isa = PBXFileReference; lastKnownFileType = sourcecode.c.h; path = AppDelegate.h; sourceTree = "<group>"; };
		8406CCBA1EE4F8E400B810ED /* AppDelegate.m */ = {isa = PBXFileReference; lastKnownFileType = sourcecode.c.objc; path = AppDelegate.m; sourceTree = "<group>"; };
		8406CCBC1EE4F8E400B810ED /* ViewController.h */ = {isa = PBXFileReference; lastKnownFileType = sourcecode.c.h; path = ViewController.h; sourceTree = "<group>"; };
		8406CCBD1EE4F8E400B810ED /* ViewController.m */ = {isa = PBXFileReference; lastKnownFileType = sourcecode.c.objc; path = ViewController.m; sourceTree = "<group>"; };
		8406CCC01EE4F8E400B810ED /* Base */ = {isa = PBXFileReference; lastKnownFileType = file.storyboard; name = Base; path = Base.lproj/Main.storyboard; sourceTree = "<group>"; };
		8406CCC21EE4F8E400B810ED /* Assets.xcassets */ = {isa = PBXFileReference; lastKnownFileType = folder.assetcatalog; path = Assets.xcassets; sourceTree = "<group>"; };
		8406CCC51EE4F8E400B810ED /* Base */ = {isa = PBXFileReference; lastKnownFileType = file.storyboard; name = Base; path = Base.lproj/LaunchScreen.storyboard; sourceTree = "<group>"; };
		8406CCC71EE4F8E400B810ED /* Info.plist */ = {isa = PBXFileReference; lastKnownFileType = text.plist.xml; path = Info.plist; sourceTree = "<group>"; };
/* End PBXFileReference section */

/* Begin PBXFrameworksBuildPhase section */
		8406CCB01EE4F8E300B810ED /* Frameworks */ = {
			isa = PBXFrameworksBuildPhase;
			buildActionMask = 2147483647;
			files = (
			);
			runOnlyForDeploymentPostprocessing = 0;
		};
/* End PBXFrameworksBuildPhase section */

/* Begin PBXGroup section */
		8406CCAA1EE4F8E300B810ED = {
			isa = PBXGroup;
			children = (
				8406CCB51EE4F8E300B810ED /* TestProject */,
				8406CCB41EE4F8E300B810ED /* Products */,
			);
			sourceTree = "<group>";
		};
		8406CCB41EE4F8E300B810ED /* Products */ = {
			isa = PBXGroup;
			children = (
				8406CCB31EE4F8E300B810ED /* TestProject.app */,
			);
			name = Products;
			sourceTree = "<group>";
		};
		8406CCB51EE4F8E300B810ED /* TestProject */ = {
			isa = PBXGroup;
			children = (
				8406CCB91EE4F8E400B810ED /* AppDelegate.h */,
				8406CCBA1EE4F8E400B810ED /* AppDelegate.m */,
				8406CCBC1EE4F8E400B810ED /* ViewController.h */,
				8406CCBD1EE4F8E400B810ED /* ViewController.m */,
				8406CCBF1EE4F8E400B810ED /* Main.storyboard */,
				8406CCC21EE4F8E400B810ED /* Assets.xcassets */,
				8406CCC41EE4F8E400B810ED /* LaunchScreen.storyboard */,
				8406CCC71EE4F8E400B810ED /* Info.plist */,
				8406CCB61EE4F8E300B810ED /* Supporting Files */,
			);
			path = TestProject;
			sourceTree = "<group>";
		};
		8406CCB61EE4F8E300B810ED /* Supporting Files */ = {
			isa = PBXGroup;
			children = (
				8406CCB71EE4F8E300B810ED /* main.m */,
			);
			name = "Supporting Files";
			sourceTree = "<group>";
		};
/* End PBXGroup section */

/* Begin PBXNativeTarget section */
		8406CCB21EE4F8E300B810ED /* TestProject */ = {
			isa = PBXNativeTarget;
			buildConfigurationList = 8406CCCA1EE4F8E400B810ED /* Build configuration list for PBXNativeTarget "TestProject" */;
			buildPhases = (
				8406CCAF1EE4F8E300B810ED /* Sources */,
				8406CCB01EE4F8E300B810ED /* Frameworks */,
				8406CCB11EE4F8E300B810ED /* Resources */,
			);
			buildRules = (
			);
			dependencies = (
			);
			name = TestProject;
			productName = TestProject;
			productReference = 8406CCB31EE4F8E300B810ED /* TestProject.app */;
			productType = "com.apple.product-type.application";
		};
/* End PBXNativeTarget section */

/* Begin PBXProject section */
		8406CCAB1EE4F8E300B810ED /* Project object */ = {
			isa = PBXProject;
			attributes = {
				LastUpgradeCheck = 0820;
				ORGANIZATIONNAME = admin808;
				TargetAttributes = {
					8406CCB21EE4F8E300B810ED = {
						CreatedOnToolsVersion = 8.2.1;
						ProvisioningStyle = Automatic;
					};
				};
			};
			buildConfigurationList = 8406CCAE1EE4F8E300B810ED /* Build configuration list for PBXProject "TestProject" */;
			compatibilityVersion = "Xcode 3.2";
			developmentRegion = English;
			hasScannedForEncodings = 0;
			knownRegions = (
				en,
				Base,
			);
			mainGroup = 8406CCAA1EE4F8E300B810ED;
			productRefGroup = 8406CCB41EE4F8E300B810ED /* Products */;
			projectDirPath = "";
			projectRoot = "";
			targets = (
				8406CCB21EE4F8E300B810ED /* TestProject */,
			);
		};
/* End PBXProject section */

/* Begin PBXResourcesBuildPhase section */
		8406CCB11EE4F8E300B810ED /* Resources */ = {
			isa = PBXResourcesBuildPhase;
			buildActionMask = 2147483647;
			files = (
				8406CCC61EE4F8E400B810ED /* LaunchScreen.storyboard in Resources */,
				8406CCC31EE4F8E400B810ED /* Assets.xcassets in Resources */,
				8406CCC11EE4F8E400B810ED /* Main.storyboard in Resources */,
			);
			runOnlyForDeploymentPostprocessing = 0;
		};
/* End PBXResourcesBuildPhase section */

/* Begin PBXSourcesBuildPhase section */
		8406CCAF1EE4F8E300B810ED /* Sources */ = {
			isa = PBXSourcesBuildPhase;
			buildActionMask = 2147483647;
			files = (
				8406CCBE1EE4F8E400B810ED /* ViewController.m in Sources */,
				8406CCBB1EE4F8E400B810ED /* AppDelegate.m in Sources */,
				8406CCB81EE4F8E300B810ED /* main.m in Sources */,
			);
			runOnlyForDeploymentPostprocessing = 0;
		};
/* End PBXSourcesBuildPhase section */

/* Begin PBXVariantGroup section */
		8406CCBF1EE4F8E400B810ED /* Main.storyboard */ = {
			isa = PBXVariantGroup;
			children = (
				8406CCC01EE4F8E400B810ED /* Base */,
			);
			name = Main.storyboard;
			sourceTree = "<group>";
		};
		8406CCC41EE4F8E400B810ED /* LaunchScreen.storyboard */ = {
			isa = PBXVariantGroup;
			children = (
				8406CCC51EE4F8E400B810ED /* Base */,
			);
			name = LaunchScreen.storyboard;
			sourceTree = "<group>";
		};
/* End PBXVariantGroup section */

/* Begin XCBuildConfiguration section */
		8406CCC81EE4F8E400B810ED /* Debug */ = {
			isa = XCBuildConfiguration;
			buildSettings = {
				ALWAYS_SEARCH_USER_PATHS = NO;
				CLANG_ANALYZER_NONNULL = YES;
				CLANG_CXX_LANGUAGE_STANDARD = "gnu++0x";
				CLANG_CXX_LIBRARY = "libc++";
				CLANG_ENABLE_MODULES = YES;
				CLANG_ENABLE_OBJC_ARC = YES;
				CLANG_WARN_BOOL_CONVERSION = YES;
				CLANG_WARN_CONSTANT_CONVERSION = YES;
				CLANG_WARN_DIRECT_OBJC_ISA_USAGE = YES_ERROR;
				CLANG_WARN_DOCUMENTATION_COMMENTS = YES;
				CLANG_WARN_EMPTY_BODY = YES;
				CLANG_WARN_ENUM_CONVERSION = YES;
				CLANG_WARN_INFINITE_RECURSION = YES;
				CLANG_WARN_INT_CONVERSION = YES;
				CLANG_WARN_OBJC_ROOT_CLASS = YES_ERROR;
				CLANG_WARN_SUSPICIOUS_MOVE = YES;
				CLANG_WARN_UNREACHABLE_CODE = YES;
				CLANG_WARN__DUPLICATE_METHOD_MATCH = YES;
				"CODE_SIGN_IDENTITY[sdk=iphoneos*]" = "iPhone Developer";
				COPY_PHASE_STRIP = NO;
				DEBUG_INFORMATION_FORMAT = dwarf;
				ENABLE_STRICT_OBJC_MSGSEND = YES;
				ENABLE_TESTABILITY = YES;
				GCC_C_LANGUAGE_STANDARD = gnu99;
				GCC_DYNAMIC_NO_PIC = NO;
				GCC_NO_COMMON_BLOCKS = YES;
				GCC_OPTIMIZATION_LEVEL = 0;
				GCC_PREPROCESSOR_DEFINITIONS = (
					"DEBUG=1",
					"$(inherited)",
				);
				GCC_WARN_64_TO_32_BIT_CONVERSION = YES;
				GCC_WARN_ABOUT_RETURN_TYPE = YES_ERROR;
				GCC_WARN_UNDECLARED_SELECTOR = YES;
				GCC_WARN_UNINITIALIZED_AUTOS = YES_AGGRESSIVE;
				GCC_WARN_UNUSED_FUNCTION = YES;
				GCC_WARN_UNUSED_VARIABLE = YES;
				IPHONEOS_DEPLOYMENT_TARGET = 10.2;
				MTL_ENABLE_DEBUG_INFO = YES;
				ONLY_ACTIVE_ARCH = YES;
				SDKROOT = iphoneos;
				TARGETED_DEVICE_FAMILY = "1,2";
			};
			name = Debug;
		};
		8406CCC91EE4F8E400B810ED /* Release */ = {
			isa = XCBuildConfiguration;
			buildSettings = {
				ALWAYS_SEARCH_USER_PATHS = NO;
				CLANG_ANALYZER_NONNULL = YES;
				CLANG_CXX_LANGUAGE_STANDARD = "gnu++0x";
				CLANG_CXX_LIBRARY = "libc++";
				CLANG_ENABLE_MODULES = YES;
				CLANG_ENABLE_OBJC_ARC = YES;
				CLANG_WARN_BOOL_CONVERSION = YES;
				CLANG_WARN_CONSTANT_CONVERSION = YES;
				CLANG_WARN_DIRECT_OBJC_ISA_USAGE = YES_ERROR;
				CLANG_WARN_DOCUMENTATION_COMMENTS = YES;
				CLANG_WARN_EMPTY_BODY = YES;
				CLANG_WARN_ENUM_CONVERSION = YES;
				CLANG_WARN_INFINITE_RECURSION = YES;
				CLANG_WARN_INT_CONVERSION = YES;
				CLANG_WARN_OBJC_ROOT_CLASS = YES_ERROR;
				CLANG_WARN_SUSPICIOUS_MOVE = YES;
				CLANG_WARN_UNREACHABLE_CODE = YES;
				CLANG_WARN__DUPLICATE_METHOD_MATCH = YES;
				"CODE_SIGN_IDENTITY[sdk=iphoneos*]" = "iPhone Developer";
				COPY_PHASE_STRIP = NO;
				DEBUG_INFORMATION_FORMAT = "dwarf-with-dsym";
				ENABLE_NS_ASSERTIONS = NO;
				ENABLE_STRICT_OBJC_MSGSEND = YES;
				GCC_C_LANGUAGE_STANDARD = gnu99;
				GCC_NO_COMMON_BLOCKS = YES;
				GCC_WARN_64_TO_32_BIT_CONVERSION = YES;
				GCC_WARN_ABOUT_RETURN_TYPE = YES_ERROR;
				GCC_WARN_UNDECLARED_SELECTOR = YES;
				GCC_WARN_UNINITIALIZED_AUTOS = YES_AGGRESSIVE;
				GCC_WARN_UNUSED_FUNCTION = YES;
				GCC_WARN_UNUSED_VARIABLE = YES;
				IPHONEOS_DEPLOYMENT_TARGET = 10.2;
				MTL_ENABLE_DEBUG_INFO = NO;
				SDKROOT = iphoneos;
				TARGETED_DEVICE_FAMILY = "1,2";
				VALIDATE_PRODUCT = YES;
			};
			name = Release;
		};
		8406CCCB1EE4F8E400B810ED /* Debug */ = {
			isa = XCBuildConfiguration;
			buildSettings = {
				ASSETCATALOG_COMPILER_APPICON_NAME = AppIcon;
				INFOPLIST_FILE = TestProject/Info.plist;
				LD_RUNPATH_SEARCH_PATHS = "$(inherited) @executable_path/Frameworks";
				PRODUCT_BUNDLE_IDENTIFIER = com.circleci.TestProject;
				PRODUCT_NAME = "$(TARGET_NAME)";
			};
			name = Debug;
		};
		8406CCCC1EE4F8E400B810ED /* Release */ = {
			isa = XCBuildConfiguration;
			buildSettings = {
				ASSETCATALOG_COMPILER_APPICON_NAME = AppIcon;
				INFOPLIST_FILE = TestProject/Info.plist;
				LD_RUNPATH_SEARCH_PATHS = "$(inherited) @executable_path/Frameworks";
				PRODUCT_BUNDLE_IDENTIFIER = com.circleci.TestProject;
				PRODUCT_NAME = "$(TARGET_NAME)";
			};
			name = Release;
		};
/* End XCBuildConfiguration section */

/* Begin XCConfigurationList section */
		8406CCAE1EE4F8E300B810ED /* Build configuration list for PBXProject "TestProject" */ = {
			isa = XCConfigurationList;
			buildConfigurations = (
				8406CCC81EE4F8E400B810ED /* Debug */,
				8406CCC91EE4F8E400B810ED /* Release */,
			);
			defaultConfigurationIsVisible = 0;
			defaultConfigurationName = Release;
		};
		8406CCCA1EE4F8E400B810ED /* Build configuration list for PBXNativeTarget "TestProject" */ = {
			isa = XCConfigurationList;
			buildConfigurations = (
				8406CCCB1EE4F8E400B810ED /* Debug */,
				8406CCCC1EE4F8E400B810ED /* Release */,
			);
			defaultConfigurationIsVisible = 0;
		};
/* End XCConfigurationList section */
	};
	rootObject = 8406CCAB1EE4F8E300B810ED /* Project object */;
}
